
Microsoft Visual Studio Solution File, Format Version 12.00
# Visual Studio 15
VisualStudioVersion = 15.0.28307.271
MinimumVisualStudioVersion = 10.0.40219.1
Project("{FAE04EC0-301F-11D3-BF4B-00C04F79EFBC}") = "ZnjTest.MisApi", "ZnjTest.MisApi\ZnjTest.MisApi.csproj", "{8A9C1499-6CE4-4E9E-8C04-8B9A5E9A1CF1}"
EndProject
Project("{FAE04EC0-301F-11D3-BF4B-00C04F79EFBC}") = "ZnjTest.Model", "ZnjTest.Model\ZnjTest.Model.csproj", "{93253374-8E91-431B-B81C-1B256E205C49}"
EndProject
Global
	GlobalSection(SolutionConfigurationPlatforms) = preSolution
		Debug|Any CPU = Debug|Any CPU
		Release|Any CPU = Release|Any CPU
	EndGlobalSection
	GlobalSection(ProjectConfigurationPlatforms) = postSolution
		{8A9C1499-6CE4-4E9E-8C04-8B9A5E9A1CF1}.Debug|Any CPU.ActiveCfg = Debug|Any CPU
		{8A9C1499-6CE4-4E9E-8C04-8B9A5E9A1CF1}.Debug|Any CPU.Build.0 = Debug|Any CPU
		{8A9C1499-6CE4-4E9E-8C04-8B9A5E9A1CF1}.Release|Any CPU.ActiveCfg = Release|Any CPU
		{8A9C1499-6CE4-4E9E-8C04-8B9A5E9A1CF1}.Release|Any CPU.Build.0 = Release|Any CPU
		{93253374-8E91-431B-B81C-1B256E205C49}.Debug|Any CPU.ActiveCfg = Debug|Any CPU
		{93253374-8E91-431B-B81C-1B256E205C49}.Debug|Any CPU.Build.0 = Debug|Any CPU
		{93253374-8E91-431B-B81C-1B256E205C49}.Release|Any CPU.ActiveCfg = Release|Any CPU
		{93253374-8E91-431B-B81C-1B256E205C49}.Release|Any CPU.Build.0 = Release|Any CPU
	EndGlobalSection
	GlobalSection(SolutionProperties) = preSolution
		HideSolutionNode = FALSE
	EndGlobalSection
	GlobalSection(ExtensibilityGlobals) = postSolution
		SolutionGuid = {FED6672F-DCD7-4C7B-86E5-6823A3C08791}
	EndGlobalSection
EndGlobal
